
Microsoft Visual Studio Solution File, Format Version 12.00
# Visual Studio Version 17
VisualStudioVersion = 17.7.34202.233
MinimumVisualStudioVersion = 10.0.40219.1
Project("{8BC9CEB8-8B4A-11D0-8D11-00A0C91BC942}") = "ParallelLab2", "ParallelLab2.vcxproj", "{9036E08F-5B63-4C8B-92F9-52F938926908}"
EndProject
Global
	GlobalSection(SolutionConfigurationPlatforms) = preSolution
		Debug|x64 = Debug|x64
		Debug|x86 = Debug|x86
		Release|x64 = Release|x64
		Release|x86 = Release|x86
	EndGlobalSection
	GlobalSection(ProjectConfigurationPlatforms) = postSolution
		{9036E08F-5B63-4C8B-92F9-52F938926908}.Debug|x64.ActiveCfg = Debug|x64
		{9036E08F-5B63-4C8B-92F9-52F938926908}.Debug|x64.Build.0 = Debug|x64
		{9036E08F-5B63-4C8B-92F9-52F938926908}.Debug|x86.ActiveCfg = Debug|Win32
		{9036E08F-5B63-4C8B-92F9-52F938926908}.Debug|x86.Build.0 = Debug|Win32
		{9036E08F-5B63-4C8B-92F9-52F938926908}.Release|x64.ActiveCfg = Release|x64
		{9036E08F-5B63-4C8B-92F9-52F938926908}.Release|x64.Build.0 = Release|x64
		{9036E08F-5B63-4C8B-92F9-52F938926908}.Release|x86.ActiveCfg = Release|Win32
		{9036E08F-5B63-4C8B-92F9-52F938926908}.Release|x86.Build.0 = Release|Win32
	EndGlobalSection
	GlobalSection(SolutionProperties) = preSolution
		HideSolutionNode = FALSE
	EndGlobalSection
	GlobalSection(ExtensibilityGlobals) = postSolution
		SolutionGuid = {458EACA7-4AFE-49E4-BB4A-CBC990AB03D4}
	EndGlobalSection
EndGlobal
